
Microsoft Visual Studio Solution File, Format Version 12.00
# Visual Studio 15
VisualStudioVersion = 15.0.27130.2026
MinimumVisualStudioVersion = 10.0.40219.1
Project("{FAE04EC0-301F-11D3-BF4B-00C04F79EFBC}") = "WOFWebApp", "WOFWebApp\WOFWebApp.csproj", "{51DAB07F-4E1B-4768-BDA8-86861E578963}"
EndProject
Project("{FAE04EC0-301F-11D3-BF4B-00C04F79EFBC}") = "WheelOfFateLib", "WheelOfFateLib\WheelOfFateLib.csproj", "{3EEEA559-4D62-4EDC-ADA7-A752E341287C}"
EndProject
Project("{FAE04EC0-301F-11D3-BF4B-00C04F79EFBC}") = "WOFUnitTest", "WOFUnitTest\WOFUnitTest.csproj", "{6178F0FF-696E-4573-98D1-ADCC54997895}"
EndProject
Global
	GlobalSection(SolutionConfigurationPlatforms) = preSolution
		Debug|Any CPU = Debug|Any CPU
		Release|Any CPU = Release|Any CPU
	EndGlobalSection
	GlobalSection(ProjectConfigurationPlatforms) = postSolution
		{51DAB07F-4E1B-4768-BDA8-86861E578963}.Debug|Any CPU.ActiveCfg = Debug|Any CPU
		{51DAB07F-4E1B-4768-BDA8-86861E578963}.Debug|Any CPU.Build.0 = Debug|Any CPU
		{51DAB07F-4E1B-4768-BDA8-86861E578963}.Release|Any CPU.ActiveCfg = Release|Any CPU
		{51DAB07F-4E1B-4768-BDA8-86861E578963}.Release|Any CPU.Build.0 = Release|Any CPU
		{3EEEA559-4D62-4EDC-ADA7-A752E341287C}.Debug|Any CPU.ActiveCfg = Debug|Any CPU
		{3EEEA559-4D62-4EDC-ADA7-A752E341287C}.Debug|Any CPU.Build.0 = Debug|Any CPU
		{3EEEA559-4D62-4EDC-ADA7-A752E341287C}.Release|Any CPU.ActiveCfg = Release|Any CPU
		{3EEEA559-4D62-4EDC-ADA7-A752E341287C}.Release|Any CPU.Build.0 = Release|Any CPU
		{6178F0FF-696E-4573-98D1-ADCC54997895}.Debug|Any CPU.ActiveCfg = Debug|Any CPU
		{6178F0FF-696E-4573-98D1-ADCC54997895}.Debug|Any CPU.Build.0 = Debug|Any CPU
		{6178F0FF-696E-4573-98D1-ADCC54997895}.Release|Any CPU.ActiveCfg = Release|Any CPU
		{6178F0FF-696E-4573-98D1-ADCC54997895}.Release|Any CPU.Build.0 = Release|Any CPU
	EndGlobalSection
	GlobalSection(SolutionProperties) = preSolution
		HideSolutionNode = FALSE
	EndGlobalSection
	GlobalSection(ExtensibilityGlobals) = postSolution
		SolutionGuid = {74F8C053-7F01-48AC-8CA2-EBD58EF714EB}
	EndGlobalSection
EndGlobal
